{
  "name": "front-end",
  "lockfileVersion": 3,
  "requires": true,
  "packages": {
    "": {
      "dependencies": {
        "@emailjs/browser": "^4.4.1",
        "@fullcalendar/core": "^6.1.17",
        "@fullcalendar/daygrid": "^6.1.17",
        "@fullcalendar/interaction": "^6.1.17",
        "@fullcalendar/list": "^6.1.17",
        "@fullcalendar/react": "^6.1.17",
        "@fullcalendar/timegrid": "^6.1.17",
        "@supabase/supabase-js": "^2.49.4",
        "boxicons": "^2.1.4",
        "framer-motion": "^12.8.0",
        "lucide-react": "^0.488.0",
        "react": "^19.1.0",
        "react-dom": "^19.1.0",
        "react-hook-form": "^7.56.1",
        "react-router": "^7.5.1",
        "react-router-dom": "^7.5.1",
        "sweetalert": "^2.1.2",
        "sweetalert2": "^11.19.1"
      },
      "devDependencies": {
        "sass-embedded": "^1.87.0",
        "vite": "^6.3.2"
      }
    },
    "node_modules/@babel/runtime": {
      "version": "7.27.0",
      "license": "MIT",
      "dependencies": {
        "regenerator-runtime": "^0.14.0"
      },
      "engines": {
        "node": ">=6.9.0"
      }
    },
    "node_modules/@bufbuild/protobuf": {
      "version": "2.2.5",
      "dev": true,
      "license": "(Apache-2.0 AND BSD-3-Clause)"
    },
    "node_modules/@emailjs/browser": {
      "version": "4.4.1",
      "resolved": "https://registry.npmjs.org/@emailjs/browser/-/browser-4.4.1.tgz",
      "integrity": "sha512-DGSlP9sPvyFba3to2A50kDtZ+pXVp/0rhmqs2LmbMS3I5J8FSOgLwzY2Xb4qfKlOVHh29EAutLYwe5yuEZmEFg==",
      "license": "BSD-3-Clause",
      "engines": {
        "node": ">=14.0.0"
      }
    },
    "node_modules/@esbuild/win32-x64": {
      "version": "0.25.2",
      "cpu": [
        "x64"
      ],
      "dev": true,
      "license": "MIT",
      "optional": true,
      "os": [
        "win32"
      ],
      "engines": {
        "node": ">=18"
      }
    },
    "node_modules/@fullcalendar/core": {
      "version": "6.1.17",
      "resolved": "https://registry.npmjs.org/@fullcalendar/core/-/core-6.1.17.tgz",
      "integrity": "sha512-0W7lnIrv18ruJ5zeWBeNZXO8qCWlzxDdp9COFEsZnyNjiEhUVnrW/dPbjRKYpL0edGG0/Lhs0ghp1z/5ekt8ZA==",
      "license": "MIT",
      "dependencies": {
        "preact": "~10.12.1"
      }
    },
    "node_modules/@fullcalendar/daygrid": {
      "version": "6.1.17",
      "resolved": "https://registry.npmjs.org/@fullcalendar/daygrid/-/daygrid-6.1.17.tgz",
      "integrity": "sha512-K7m+pd7oVJ9fW4h7CLDdDGJbc9szJ1xDU1DZ2ag+7oOo1aCNLv44CehzkkknM6r8EYlOOhgaelxQpKAI4glj7A==",
      "license": "MIT",
      "peerDependencies": {
        "@fullcalendar/core": "~6.1.17"
      }
    },
    "node_modules/@fullcalendar/interaction": {
      "version": "6.1.17",
      "resolved": "https://registry.npmjs.org/@fullcalendar/interaction/-/interaction-6.1.17.tgz",
      "integrity": "sha512-AudvQvgmJP2FU89wpSulUUjeWv24SuyCx8FzH2WIPVaYg+vDGGYarI7K6PcM3TH7B/CyaBjm5Rqw9lXgnwt5YA==",
      "license": "MIT",
      "peerDependencies": {
        "@fullcalendar/core": "~6.1.17"
      }
    },
    "node_modules/@fullcalendar/list": {
      "version": "6.1.17",
      "resolved": "https://registry.npmjs.org/@fullcalendar/list/-/list-6.1.17.tgz",
      "integrity": "sha512-fkyK49F9IxwlGUBVhJGsFpd/LTi/vRVERLIAe1HmBaGkjwpxnynm8TMLb9mZip97wvDk3CmZWduMe6PxscAlow==",
      "license": "MIT",
      "peerDependencies": {
        "@fullcalendar/core": "~6.1.17"
      }
    },
    "node_modules/@fullcalendar/react": {
      "version": "6.1.17",
      "resolved": "https://registry.npmjs.org/@fullcalendar/react/-/react-6.1.17.tgz",
      "integrity": "sha512-AA8soHhlfRH5dUeqHnfAtzDiXa2vrgWocJSK/F5qzw/pOxc9MqpuoS/nQBROWtHHg6yQUg3DoGqOOhi7dmylXQ==",
      "license": "MIT",
      "peerDependencies": {
        "@fullcalendar/core": "~6.1.17",
        "react": "^16.7.0 || ^17 || ^18 || ^19",
        "react-dom": "^16.7.0 || ^17 || ^18 || ^19"
      }
    },
    "node_modules/@fullcalendar/timegrid": {
      "version": "6.1.17",
      "resolved": "https://registry.npmjs.org/@fullcalendar/timegrid/-/timegrid-6.1.17.tgz",
      "integrity": "sha512-K4PlA3L3lclLOs3IX8cvddeiJI9ZVMD7RA9IqaWwbvac771971foc9tFze9YY+Pqesf6S+vhS2dWtEVlERaGlQ==",
      "license": "MIT",
      "dependencies": {
        "@fullcalendar/daygrid": "~6.1.17"
      },
      "peerDependencies": {
        "@fullcalendar/core": "~6.1.17"
      }
    },
    "node_modules/@rollup/rollup-win32-x64-msvc": {
      "version": "4.40.0",
      "cpu": [
        "x64"
      ],
      "dev": true,
      "license": "MIT",
      "optional": true,
      "os": [
        "win32"
      ]
    },
    "node_modules/@supabase/auth-js": {
      "version": "2.69.1",
      "license": "MIT",
      "dependencies": {
        "@supabase/node-fetch": "^2.6.14"
      }
    },
    "node_modules/@supabase/functions-js": {
      "version": "2.4.4",
      "license": "MIT",
      "dependencies": {
        "@supabase/node-fetch": "^2.6.14"
      }
    },
    "node_modules/@supabase/node-fetch": {
      "version": "2.6.15",
      "license": "MIT",
      "dependencies": {
        "whatwg-url": "^5.0.0"
      },
      "engines": {
        "node": "4.x || >=6.0.0"
      }
    },
    "node_modules/@supabase/postgrest-js": {
      "version": "1.19.4",
      "license": "MIT",
      "dependencies": {
        "@supabase/node-fetch": "^2.6.14"
      }
    },
    "node_modules/@supabase/realtime-js": {
      "version": "2.11.2",
      "license": "MIT",
      "dependencies": {
        "@supabase/node-fetch": "^2.6.14",
        "@types/phoenix": "^1.5.4",
        "@types/ws": "^8.5.10",
        "ws": "^8.18.0"
      }
    },
    "node_modules/@supabase/storage-js": {
      "version": "2.7.1",
      "license": "MIT",
      "dependencies": {
        "@supabase/node-fetch": "^2.6.14"
      }
    },
    "node_modules/@supabase/supabase-js": {
      "version": "2.49.4",
      "resolved": "https://registry.npmjs.org/@supabase/supabase-js/-/supabase-js-2.49.4.tgz",
      "integrity": "sha512-jUF0uRUmS8BKt37t01qaZ88H9yV1mbGYnqLeuFWLcdV+x1P4fl0yP9DGtaEhFPZcwSom7u16GkLEH9QJZOqOkw==",
      "license": "MIT",
      "dependencies": {
        "@supabase/auth-js": "2.69.1",
        "@supabase/functions-js": "2.4.4",
        "@supabase/node-fetch": "2.6.15",
        "@supabase/postgrest-js": "1.19.4",
        "@supabase/realtime-js": "2.11.2",
        "@supabase/storage-js": "2.7.1"
      }
    },
    "node_modules/@types/estree": {
      "version": "1.0.7",
      "dev": true,
      "license": "MIT"
    },
    "node_modules/@types/node": {
      "version": "22.14.1",
      "license": "MIT",
      "dependencies": {
        "undici-types": "~6.21.0"
      }
    },
    "node_modules/@types/phoenix": {
      "version": "1.6.6",
      "license": "MIT"
    },
    "node_modules/@types/ws": {
      "version": "8.18.1",
      "license": "MIT",
      "dependencies": {
        "@types/node": "*"
      }
    },
    "node_modules/@webcomponents/webcomponentsjs": {
      "version": "2.8.0",
      "license": "BSD-3-Clause"
    },
    "node_modules/boxicons": {
      "version": "2.1.4",
      "resolved": "https://registry.npmjs.org/boxicons/-/boxicons-2.1.4.tgz",
      "integrity": "sha512-BvJNfYfnE4g9WQ7GL91fftxMOTwAleWlPFwvQJPYb/Ju7aLjlQ/Eu55AH9JLNk/OR82z+ZSq4TbKzbV/e5Rr0A==",
      "license": "(CC-BY-4.0 OR OFL-1.1 OR MIT)",
      "dependencies": {
        "@webcomponents/webcomponentsjs": "^2.0.2",
        "prop-types": "^15.6.0",
        "react": "^16.0.0",
        "react-dom": "^16.0.0",
        "react-interactive": "^0.8.1",
        "react-router-dom": "^4.2.2"
      }
    },
    "node_modules/boxicons/node_modules/react": {
      "version": "16.14.0",
      "license": "MIT",
      "dependencies": {
        "loose-envify": "^1.1.0",
        "object-assign": "^4.1.1",
        "prop-types": "^15.6.2"
      },
      "engines": {
        "node": ">=0.10.0"
      }
    },
    "node_modules/boxicons/node_modules/react-dom": {
      "version": "16.14.0",
      "license": "MIT",
      "dependencies": {
        "loose-envify": "^1.1.0",
        "object-assign": "^4.1.1",
        "prop-types": "^15.6.2",
        "scheduler": "^0.19.1"
      },
      "peerDependencies": {
        "react": "^16.14.0"
      }
    },
    "node_modules/boxicons/node_modules/react-router": {
      "version": "4.3.1",
      "license": "MIT",
      "dependencies": {
        "history": "^4.7.2",
        "hoist-non-react-statics": "^2.5.0",
        "invariant": "^2.2.4",
        "loose-envify": "^1.3.1",
        "path-to-regexp": "^1.7.0",
        "prop-types": "^15.6.1",
        "warning": "^4.0.1"
      },
      "peerDependencies": {
        "react": ">=15"
      }
    },
    "node_modules/boxicons/node_modules/react-router-dom": {
      "version": "4.3.1",
      "license": "MIT",
      "dependencies": {
        "history": "^4.7.2",
        "invariant": "^2.2.4",
        "loose-envify": "^1.3.1",
        "prop-types": "^15.6.1",
        "react-router": "^4.3.1",
        "warning": "^4.0.1"
      },
      "peerDependencies": {
        "react": ">=15"
      }
    },
    "node_modules/boxicons/node_modules/scheduler": {
      "version": "0.19.1",
      "license": "MIT",
      "dependencies": {
        "loose-envify": "^1.1.0",
        "object-assign": "^4.1.1"
      }
    },
    "node_modules/buffer-builder": {
      "version": "0.2.0",
      "dev": true,
      "license": "MIT/X11"
    },
    "node_modules/colorjs.io": {
      "version": "0.5.2",
      "dev": true,
      "license": "MIT"
    },
    "node_modules/cookie": {
      "version": "1.0.2",
      "license": "MIT",
      "engines": {
        "node": ">=18"
      }
    },
    "node_modules/detect-hover": {
      "version": "1.0.3",
      "license": "MIT"
    },
    "node_modules/detect-it": {
      "version": "3.0.7",
      "license": "MIT",
      "dependencies": {
        "detect-hover": "^1.0.3",
        "detect-passive-events": "^1.0.5",
        "detect-pointer": "^1.0.3",
        "detect-touch-events": "^2.0.2"
      }
    },
    "node_modules/detect-passive-events": {
      "version": "1.0.5",
      "license": "MIT"
    },
    "node_modules/detect-pointer": {
      "version": "1.0.3",
      "license": "MIT"
    },
    "node_modules/detect-touch-events": {
      "version": "2.0.2",
      "license": "MIT"
    },
    "node_modules/es6-object-assign": {
      "version": "1.1.0",
      "license": "MIT"
    },
    "node_modules/esbuild": {
      "version": "0.25.2",
      "dev": true,
      "hasInstallScript": true,
      "license": "MIT",
      "bin": {
        "esbuild": "bin/esbuild"
      },
      "engines": {
        "node": ">=18"
      },
      "optionalDependencies": {
        "@esbuild/aix-ppc64": "0.25.2",
        "@esbuild/android-arm": "0.25.2",
        "@esbuild/android-arm64": "0.25.2",
        "@esbuild/android-x64": "0.25.2",
        "@esbuild/darwin-arm64": "0.25.2",
        "@esbuild/darwin-x64": "0.25.2",
        "@esbuild/freebsd-arm64": "0.25.2",
        "@esbuild/freebsd-x64": "0.25.2",
        "@esbuild/linux-arm": "0.25.2",
        "@esbuild/linux-arm64": "0.25.2",
        "@esbuild/linux-ia32": "0.25.2",
        "@esbuild/linux-loong64": "0.25.2",
        "@esbuild/linux-mips64el": "0.25.2",
        "@esbuild/linux-ppc64": "0.25.2",
        "@esbuild/linux-riscv64": "0.25.2",
        "@esbuild/linux-s390x": "0.25.2",
        "@esbuild/linux-x64": "0.25.2",
        "@esbuild/netbsd-arm64": "0.25.2",
        "@esbuild/netbsd-x64": "0.25.2",
        "@esbuild/openbsd-arm64": "0.25.2",
        "@esbuild/openbsd-x64": "0.25.2",
        "@esbuild/sunos-x64": "0.25.2",
        "@esbuild/win32-arm64": "0.25.2",
        "@esbuild/win32-ia32": "0.25.2",
        "@esbuild/win32-x64": "0.25.2"
      }
    },
    "node_modules/fdir": {
      "version": "6.4.4",
      "dev": true,
      "license": "MIT",
      "peerDependencies": {
        "picomatch": "^3 || ^4"
      },
      "peerDependenciesMeta": {
        "picomatch": {
          "optional": true
        }
      }
    },
    "node_modules/framer-motion": {
      "version": "12.8.0",
      "resolved": "https://registry.npmjs.org/framer-motion/-/framer-motion-12.8.0.tgz",
      "integrity": "sha512-EarL75miCDcKLEAQLJ+6Zfwdj+KQsVlbHGGlygZ/TigKBj7NLPkyDKk4WLFUScjAs2xNpfMRLBM6VsCJq9Roxg==",
      "license": "MIT",
      "dependencies": {
        "motion-dom": "^12.8.0",
        "motion-utils": "^12.7.5",
        "tslib": "^2.4.0"
      },
      "peerDependencies": {
        "@emotion/is-prop-valid": "*",
        "react": "^18.0.0 || ^19.0.0",
        "react-dom": "^18.0.0 || ^19.0.0"
      },
      "peerDependenciesMeta": {
        "@emotion/is-prop-valid": {
          "optional": true
        },
        "react": {
          "optional": true
        },
        "react-dom": {
          "optional": true
        }
      }
    },
    "node_modules/fsevents": {
      "version": "2.3.3",
      "resolved": "https://registry.npmjs.org/fsevents/-/fsevents-2.3.3.tgz",
      "integrity": "sha512-5xoDfX+fL7faATnagmWPpbFtwh/R77WmMMqqHGS65C3vvB0YHrgF+B1YmZ3441tMj5n63k0212XNoJwzlhffQw==",
      "dev": true,
      "hasInstallScript": true,
      "license": "MIT",
      "optional": true,
      "os": [
        "darwin"
      ],
      "engines": {
        "node": "^8.16.0 || ^10.6.0 || >=11.0.0"
      }
    },
    "node_modules/has-flag": {
      "version": "4.0.0",
      "dev": true,
      "license": "MIT",
      "engines": {
        "node": ">=8"
      }
    },
    "node_modules/history": {
      "version": "4.10.1",
      "license": "MIT",
      "dependencies": {
        "@babel/runtime": "^7.1.2",
        "loose-envify": "^1.2.0",
        "resolve-pathname": "^3.0.0",
        "tiny-invariant": "^1.0.2",
        "tiny-warning": "^1.0.0",
        "value-equal": "^1.0.1"
      }
    },
    "node_modules/hoist-non-react-statics": {
      "version": "2.5.5",
      "license": "BSD-3-Clause"
    },
    "node_modules/immutable": {
      "version": "5.1.1",
      "dev": true,
      "license": "MIT"
    },
    "node_modules/invariant": {
      "version": "2.2.4",
      "license": "MIT",
      "dependencies": {
        "loose-envify": "^1.0.0"
      }
    },
    "node_modules/isarray": {
      "version": "0.0.1",
      "license": "MIT"
    },
    "node_modules/js-tokens": {
      "version": "4.0.0",
      "license": "MIT"
    },
    "node_modules/loose-envify": {
      "version": "1.4.0",
      "license": "MIT",
      "dependencies": {
        "js-tokens": "^3.0.0 || ^4.0.0"
      },
      "bin": {
        "loose-envify": "cli.js"
      }
    },
    "node_modules/lucide-react": {
      "version": "0.488.0",
      "resolved": "https://registry.npmjs.org/lucide-react/-/lucide-react-0.488.0.tgz",
      "integrity": "sha512-ronlL0MyKut4CEzBY/ai2ZpKPxyWO4jUqdAkm2GNK5Zn3Rj+swDz+3lvyAUXN0PNqPKIX6XM9Xadwz/skLs/pQ==",
      "license": "ISC",
      "peerDependencies": {
        "react": "^16.5.1 || ^17.0.0 || ^18.0.0 || ^19.0.0"
      }
    },
    "node_modules/motion-dom": {
      "version": "12.8.0",
      "resolved": "https://registry.npmjs.org/motion-dom/-/motion-dom-12.8.0.tgz",
      "integrity": "sha512-YsfUE1F8Ycv9th1V0YJ6LOx9U2EMe/8P3RXK1o6NZhRbdFiWvzBLvxqp2X6Fn3rbJbwWkSEfnpe14ZU9Oz1d1Q==",
      "license": "MIT",
      "dependencies": {
        "motion-utils": "^12.7.5"
      }
    },
    "node_modules/motion-utils": {
      "version": "12.7.5",
      "resolved": "https://registry.npmjs.org/motion-utils/-/motion-utils-12.7.5.tgz",
      "integrity": "sha512-JIgrmEq7Vw1x0AUrjvkRp7oMMQkGqSUMT50O/Ag6RRCQWG3gRRTkOI+BirBAJT6m+GIPoiyxkJ1u98GgF/a6TQ==",
      "license": "MIT"
    },
    "node_modules/nanoid": {
      "version": "3.3.11",
      "dev": true,
      "funding": [
        {
          "type": "github",
          "url": "https://github.com/sponsors/ai"
        }
      ],
      "license": "MIT",
      "bin": {
        "nanoid": "bin/nanoid.cjs"
      },
      "engines": {
        "node": "^10 || ^12 || ^13.7 || ^14 || >=15.0.1"
      }
    },
    "node_modules/object-assign": {
      "version": "4.1.1",
      "license": "MIT",
      "engines": {
        "node": ">=0.10.0"
      }
    },
    "node_modules/path-to-regexp": {
      "version": "1.9.0",
      "license": "MIT",
      "dependencies": {
        "isarray": "0.0.1"
      }
    },
    "node_modules/picocolors": {
      "version": "1.1.1",
      "dev": true,
      "license": "ISC"
    },
    "node_modules/picomatch": {
      "version": "4.0.2",
      "dev": true,
      "license": "MIT",
      "engines": {
        "node": ">=12"
      },
      "funding": {
        "url": "https://github.com/sponsors/jonschlinkert"
      }
    },
    "node_modules/postcss": {
      "version": "8.5.3",
      "dev": true,
      "funding": [
        {
          "type": "opencollective",
          "url": "https://opencollective.com/postcss/"
        },
        {
          "type": "tidelift",
          "url": "https://tidelift.com/funding/github/npm/postcss"
        },
        {
          "type": "github",
          "url": "https://github.com/sponsors/ai"
        }
      ],
      "license": "MIT",
      "dependencies": {
        "nanoid": "^3.3.8",
        "picocolors": "^1.1.1",
        "source-map-js": "^1.2.1"
      },
      "engines": {
        "node": "^10 || ^12 || >=14"
      }
    },
    "node_modules/preact": {
      "version": "10.12.1",
      "resolved": "https://registry.npmjs.org/preact/-/preact-10.12.1.tgz",
      "integrity": "sha512-l8386ixSsBdbreOAkqtrwqHwdvR35ID8c3rKPa8lCWuO86dBi32QWHV4vfsZK1utLLFMvw+Z5Ad4XLkZzchscg==",
      "license": "MIT",
      "funding": {
        "type": "opencollective",
        "url": "https://opencollective.com/preact"
      }
    },
    "node_modules/promise-polyfill": {
      "version": "6.1.0",
      "license": "MIT"
    },
    "node_modules/prop-types": {
      "version": "15.8.1",
      "license": "MIT",
      "dependencies": {
        "loose-envify": "^1.4.0",
        "object-assign": "^4.1.1",
        "react-is": "^16.13.1"
      }
    },
    "node_modules/react": {
      "version": "19.1.0",
      "resolved": "https://registry.npmjs.org/react/-/react-19.1.0.tgz",
      "integrity": "sha512-FS+XFBNvn3GTAWq26joslQgWNoFu08F4kl0J4CgdNKADkdSGXQyTCnKteIAJy96Br6YbpEU1LSzV5dYtjMkMDg==",
      "license": "MIT",
      "engines": {
        "node": ">=0.10.0"
      }
    },
    "node_modules/react-dom": {
      "version": "19.1.0",
      "resolved": "https://registry.npmjs.org/react-dom/-/react-dom-19.1.0.tgz",
      "integrity": "sha512-Xs1hdnE+DyKgeHJeJznQmYMIBG3TKIHJJT95Q58nHLSrElKlGQqDTR2HQ9fx5CN/Gk6Vh/kupBTDLU11/nDk/g==",
      "license": "MIT",
      "dependencies": {
        "scheduler": "^0.26.0"
      },
      "peerDependencies": {
        "react": "^19.1.0"
      }
    },
    "node_modules/react-hook-form": {
      "version": "7.56.1",
      "resolved": "https://registry.npmjs.org/react-hook-form/-/react-hook-form-7.56.1.tgz",
      "integrity": "sha512-qWAVokhSpshhcEuQDSANHx3jiAEFzu2HAaaQIzi/r9FNPm1ioAvuJSD4EuZzWd7Al7nTRKcKPnBKO7sRn+zavQ==",
      "license": "MIT",
      "engines": {
        "node": ">=18.0.0"
      },
      "funding": {
        "type": "opencollective",
        "url": "https://opencollective.com/react-hook-form"
      },
      "peerDependencies": {
        "react": "^16.8.0 || ^17 || ^18 || ^19"
      }
    },
    "node_modules/react-interactive": {
      "version": "0.8.3",
      "license": "MIT",
      "dependencies": {
        "detect-it": "^3.0.3",
        "object-assign": "^4.1.1",
        "prop-types": "^15.6.0"
      },
      "peerDependencies": {
        "react": ">=15"
      }
    },
    "node_modules/react-is": {
      "version": "16.13.1",
      "license": "MIT"
    },
    "node_modules/react-router": {
      "version": "7.5.1",
      "resolved": "https://registry.npmjs.org/react-router/-/react-router-7.5.1.tgz",
      "integrity": "sha512-/jjU3fcYNd2bwz9Q0xt5TwyiyoO8XjSEFXJY4O/lMAlkGTHWuHRAbR9Etik+lSDqMC7A7mz3UlXzgYT6Vl58sA==",
      "license": "MIT",
      "dependencies": {
        "cookie": "^1.0.1",
        "set-cookie-parser": "^2.6.0",
        "turbo-stream": "2.4.0"
      },
      "engines": {
        "node": ">=20.0.0"
      },
      "peerDependencies": {
        "react": ">=18",
        "react-dom": ">=18"
      },
      "peerDependenciesMeta": {
        "react-dom": {
          "optional": true
        }
      }
    },
    "node_modules/react-router-dom": {
      "version": "7.5.1",
      "license": "MIT",
      "dependencies": {
        "react-router": "7.5.1"
      },
      "engines": {
        "node": ">=20.0.0"
      },
      "peerDependencies": {
        "react": ">=18",
        "react-dom": ">=18"
      }
    },
    "node_modules/regenerator-runtime": {
      "version": "0.14.1",
      "license": "MIT"
    },
    "node_modules/resolve-pathname": {
      "version": "3.0.0",
      "license": "MIT"
    },
    "node_modules/rollup": {
      "version": "4.40.0",
      "dev": true,
      "license": "MIT",
      "dependencies": {
        "@types/estree": "1.0.7"
      },
      "bin": {
        "rollup": "dist/bin/rollup"
      },
      "engines": {
        "node": ">=18.0.0",
        "npm": ">=8.0.0"
      },
      "optionalDependencies": {
        "@rollup/rollup-android-arm-eabi": "4.40.0",
        "@rollup/rollup-android-arm64": "4.40.0",
        "@rollup/rollup-darwin-arm64": "4.40.0",
        "@rollup/rollup-darwin-x64": "4.40.0",
        "@rollup/rollup-freebsd-arm64": "4.40.0",
        "@rollup/rollup-freebsd-x64": "4.40.0",
        "@rollup/rollup-linux-arm-gnueabihf": "4.40.0",
        "@rollup/rollup-linux-arm-musleabihf": "4.40.0",
        "@rollup/rollup-linux-arm64-gnu": "4.40.0",
        "@rollup/rollup-linux-arm64-musl": "4.40.0",
        "@rollup/rollup-linux-loongarch64-gnu": "4.40.0",
        "@rollup/rollup-linux-powerpc64le-gnu": "4.40.0",
        "@rollup/rollup-linux-riscv64-gnu": "4.40.0",
        "@rollup/rollup-linux-riscv64-musl": "4.40.0",
        "@rollup/rollup-linux-s390x-gnu": "4.40.0",
        "@rollup/rollup-linux-x64-gnu": "4.40.0",
        "@rollup/rollup-linux-x64-musl": "4.40.0",
        "@rollup/rollup-win32-arm64-msvc": "4.40.0",
        "@rollup/rollup-win32-ia32-msvc": "4.40.0",
        "@rollup/rollup-win32-x64-msvc": "4.40.0",
        "fsevents": "~2.3.2"
      }
    },
    "node_modules/rxjs": {
      "version": "7.8.2",
      "dev": true,
      "license": "Apache-2.0",
      "dependencies": {
        "tslib": "^2.1.0"
      }
    },
    "node_modules/sass-embedded": {
      "version": "1.87.0",
      "resolved": "https://registry.npmjs.org/sass-embedded/-/sass-embedded-1.87.0.tgz",
      "integrity": "sha512-1IA3iTJNh4BkkA/nidKiVwbmkxr9o6LsPegycHMX/JYs255zpocN5GdLF1+onohQCJxbs5ldr8osKV7qNaNBjg==",
      "dev": true,
      "license": "MIT",
      "dependencies": {
        "@bufbuild/protobuf": "^2.0.0",
        "buffer-builder": "^0.2.0",
        "colorjs.io": "^0.5.0",
        "immutable": "^5.0.2",
        "rxjs": "^7.4.0",
        "supports-color": "^8.1.1",
        "sync-child-process": "^1.0.2",
        "varint": "^6.0.0"
      },
      "bin": {
        "sass": "dist/bin/sass.js"
      },
      "engines": {
        "node": ">=16.0.0"
      },
      "optionalDependencies": {
        "sass-embedded-android-arm": "1.87.0",
        "sass-embedded-android-arm64": "1.87.0",
        "sass-embedded-android-ia32": "1.87.0",
        "sass-embedded-android-riscv64": "1.87.0",
        "sass-embedded-android-x64": "1.87.0",
        "sass-embedded-darwin-arm64": "1.87.0",
        "sass-embedded-darwin-x64": "1.87.0",
        "sass-embedded-linux-arm": "1.87.0",
        "sass-embedded-linux-arm64": "1.87.0",
        "sass-embedded-linux-ia32": "1.87.0",
        "sass-embedded-linux-musl-arm": "1.87.0",
        "sass-embedded-linux-musl-arm64": "1.87.0",
        "sass-embedded-linux-musl-ia32": "1.87.0",
        "sass-embedded-linux-musl-riscv64": "1.87.0",
        "sass-embedded-linux-musl-x64": "1.87.0",
        "sass-embedded-linux-riscv64": "1.87.0",
        "sass-embedded-linux-x64": "1.87.0",
        "sass-embedded-win32-arm64": "1.87.0",
        "sass-embedded-win32-ia32": "1.87.0",
        "sass-embedded-win32-x64": "1.87.0"
      }
    },
    "node_modules/sass-embedded-android-arm": {
      "version": "1.87.0",
      "resolved": "https://registry.npmjs.org/sass-embedded-android-arm/-/sass-embedded-android-arm-1.87.0.tgz",
      "integrity": "sha512-Z20u/Y1kFDpMbgiloR5YPLxNuMVeKQRC8e/n68oAAxf3u7rDSmNn2msi7USqgT1f2zdBBNawn/ifbFEla6JiHw==",
      "cpu": [
        "arm"
      ],
      "dev": true,
      "license": "MIT",
      "optional": true,
      "os": [
        "android"
      ],
      "engines": {
        "node": ">=14.0.0"
      }
    },
    "node_modules/sass-embedded-android-arm64": {
      "version": "1.87.0",
      "resolved": "https://registry.npmjs.org/sass-embedded-android-arm64/-/sass-embedded-android-arm64-1.87.0.tgz",
      "integrity": "sha512-uqeZoBuXm3W2KhxolScAAfWOLHL21e50g7AxlLmG0he7WZsWw6e9kSnmq301iLIFp4kvmXYXbXbNKAeu9ItRYA==",
      "cpu": [
        "arm64"
      ],
      "dev": true,
      "license": "MIT",
      "optional": true,
      "os": [
        "android"
      ],
      "engines": {
        "node": ">=14.0.0"
      }
    },
    "node_modules/sass-embedded-android-ia32": {
      "version": "1.87.0",
      "resolved": "https://registry.npmjs.org/sass-embedded-android-ia32/-/sass-embedded-android-ia32-1.87.0.tgz",
      "integrity": "sha512-hSWTqo2Igdig528cUb1W1+emw9d1J4+nqOoR4tERS04zcwRRFNDiuBT0o5meV7nkEwE982F+h57YdcRXj8gTtg==",
      "cpu": [
        "ia32"
      ],
      "dev": true,
      "license": "MIT",
      "optional": true,
      "os": [
        "android"
      ],
      "engines": {
        "node": ">=14.0.0"
      }
    },
    "node_modules/sass-embedded-android-riscv64": {
      "version": "1.87.0",
      "resolved": "https://registry.npmjs.org/sass-embedded-android-riscv64/-/sass-embedded-android-riscv64-1.87.0.tgz",
      "integrity": "sha512-kBAPSjiTBLy5ua/0LRNAJwOAARhzFU7gP35fYORJcdBuz1lkIVPVnid1lh9qQ6Ce9MOJcr7VKFtGnTuqVeig5A==",
      "cpu": [
        "riscv64"
      ],
      "dev": true,
      "license": "MIT",
      "optional": true,
      "os": [
        "android"
      ],
      "engines": {
        "node": ">=14.0.0"
      }
    },
    "node_modules/sass-embedded-android-x64": {
      "version": "1.87.0",
      "resolved": "https://registry.npmjs.org/sass-embedded-android-x64/-/sass-embedded-android-x64-1.87.0.tgz",
      "integrity": "sha512-ZHMrNdtdMSpJUYco2MesnlPwDTZftD3pqkkOMI2pbqarPoFUKJtP5k80nwCM0sJGtqfNE+O16w9yPght0CMiJg==",
      "cpu": [
        "x64"
      ],
      "dev": true,
      "license": "MIT",
      "optional": true,
      "os": [
        "android"
      ],
      "engines": {
        "node": ">=14.0.0"
      }
    },
    "node_modules/sass-embedded-darwin-arm64": {
      "version": "1.87.0",
      "resolved": "https://registry.npmjs.org/sass-embedded-darwin-arm64/-/sass-embedded-darwin-arm64-1.87.0.tgz",
      "integrity": "sha512-7TK1JWJdCIRSdZv5CJv/HpDz/wIfwUy2FoPz9sVOEj1pDTH0N+VfJd5VutCddIdoQN9jr0ap8vwkc65FbAxV2A==",
      "cpu": [
        "arm64"
      ],
      "dev": true,
      "license": "MIT",
      "optional": true,
      "os": [
        "darwin"
      ],
      "engines": {
        "node": ">=14.0.0"
      }
    },
    "node_modules/sass-embedded-darwin-x64": {
      "version": "1.87.0",
      "resolved": "https://registry.npmjs.org/sass-embedded-darwin-x64/-/sass-embedded-darwin-x64-1.87.0.tgz",
      "integrity": "sha512-2JiQzt7FmgUC4MYT2QvbeH/Bi3e76WEhaYoc5P3WyTW8unsHksyTdMuTuYe0Qf9usIyt6bmm5no/4BBw7c8Cig==",
      "cpu": [
        "x64"
      ],
      "dev": true,
      "license": "MIT",
      "optional": true,
      "os": [
        "darwin"
      ],
      "engines": {
        "node": ">=14.0.0"
      }
    },
    "node_modules/sass-embedded-linux-arm": {
      "version": "1.87.0",
      "resolved": "https://registry.npmjs.org/sass-embedded-linux-arm/-/sass-embedded-linux-arm-1.87.0.tgz",
      "integrity": "sha512-z5P6INMsGXiUcq1sRRbksyQUhalFFYjTEexuxfSYdK3U2YQMADHubQh8pGzkWvFRPOpnh83RiGuwvpaARYHnsw==",
      "cpu": [
        "arm"
      ],
      "dev": true,
      "license": "MIT",
      "optional": true,
      "os": [
        "linux"
      ],
      "engines": {
        "node": ">=14.0.0"
      }
    },
    "node_modules/sass-embedded-linux-arm64": {
      "version": "1.87.0",
      "resolved": "https://registry.npmjs.org/sass-embedded-linux-arm64/-/sass-embedded-linux-arm64-1.87.0.tgz",
      "integrity": "sha512-5z+mwJCbGZcg+q+MwdEVSh0ogFK7OSAe175Gsozzr/Izw34Q+RGUw9O82jsV2c4YNuTAQvzEHgIO5cvNvt3Quw==",
      "cpu": [
        "arm64"
      ],
      "dev": true,
      "license": "MIT",
      "optional": true,
      "os": [
        "linux"
      ],
      "engines": {
        "node": ">=14.0.0"
      }
    },
    "node_modules/sass-embedded-linux-ia32": {
      "version": "1.87.0",
      "resolved": "https://registry.npmjs.org/sass-embedded-linux-ia32/-/sass-embedded-linux-ia32-1.87.0.tgz",
      "integrity": "sha512-Xzcp+YPp0iakGL148Jl57CO+MxLuj2jsry3M+rc1cSnDlvkjNVs6TMxaL70GFeV5HdU2V60voYcgE7adDUtJjw==",
      "cpu": [
        "ia32"
      ],
      "dev": true,
      "license": "MIT",
      "optional": true,
      "os": [
        "linux"
      ],
      "engines": {
        "node": ">=14.0.0"
      }
    },
    "node_modules/sass-embedded-linux-musl-arm": {
      "version": "1.87.0",
      "resolved": "https://registry.npmjs.org/sass-embedded-linux-musl-arm/-/sass-embedded-linux-musl-arm-1.87.0.tgz",
      "integrity": "sha512-4PyqOWhRzyu06RRmpCCBOJdF4BOv7s446wrV6yODtEyyfSIDx3MJabo3KT0oJ1lTWSI/aU3R89bKx0JFXcIHHw==",
      "cpu": [
        "arm"
      ],
      "dev": true,
      "license": "MIT",
      "optional": true,
      "os": [
        "linux"
      ],
      "engines": {
        "node": ">=14.0.0"
      }
    },
    "node_modules/sass-embedded-linux-musl-arm64": {
      "version": "1.87.0",
      "resolved": "https://registry.npmjs.org/sass-embedded-linux-musl-arm64/-/sass-embedded-linux-musl-arm64-1.87.0.tgz",
      "integrity": "sha512-HWE5eTRCoKzFZWsxOjDMTF5m4DDTQ0n7NJxSYiUXPBDydr9viPXbGOMYG7WVJLjiF7upr7DYo/mfp/SNTMlZyg==",
      "cpu": [
        "arm64"
      ],
      "dev": true,
      "license": "MIT",
      "optional": true,
      "os": [
        "linux"
      ],
      "engines": {
        "node": ">=14.0.0"
      }
    },
    "node_modules/sass-embedded-linux-musl-ia32": {
      "version": "1.87.0",
      "resolved": "https://registry.npmjs.org/sass-embedded-linux-musl-ia32/-/sass-embedded-linux-musl-ia32-1.87.0.tgz",
      "integrity": "sha512-aQaPvlRn3kh93PLQvl6BcFKu8Ji92+42blFEkg6nMVvmugD5ZwH2TGFrX25ibx4CYxRpMS4ssF7a0i7vy5HB1Q==",
      "cpu": [
        "ia32"
      ],
      "dev": true,
      "license": "MIT",
      "optional": true,
      "os": [
        "linux"
      ],
      "engines": {
        "node": ">=14.0.0"
      }
    },
    "node_modules/sass-embedded-linux-musl-riscv64": {
      "version": "1.87.0",
      "resolved": "https://registry.npmjs.org/sass-embedded-linux-musl-riscv64/-/sass-embedded-linux-musl-riscv64-1.87.0.tgz",
      "integrity": "sha512-o5DxcqiFzET3KRWo+futHr/lhAMBP3tJGGx8YIgpHQYfvDMbsvE0hiFC+nZ/GF9dbcGd+ceIQwfvE5mcc7Gsjw==",
      "cpu": [
        "riscv64"
      ],
      "dev": true,
      "license": "MIT",
      "optional": true,
      "os": [
        "linux"
      ],
      "engines": {
        "node": ">=14.0.0"
      }
    },
    "node_modules/sass-embedded-linux-musl-x64": {
      "version": "1.87.0",
      "resolved": "https://registry.npmjs.org/sass-embedded-linux-musl-x64/-/sass-embedded-linux-musl-x64-1.87.0.tgz",
      "integrity": "sha512-dKxWsu9Wu/CyfzQmHdeiGqrRSzJ85VUjbSx+aP1/7ttmps3SSg+YW95PuqnCOa7GSuSreC3dKKpXHTywUxMLQA==",
      "cpu": [
        "x64"
      ],
      "dev": true,
      "license": "MIT",
      "optional": true,
      "os": [
        "linux"
      ],
      "engines": {
        "node": ">=14.0.0"
      }
    },
    "node_modules/sass-embedded-linux-riscv64": {
      "version": "1.87.0",
      "resolved": "https://registry.npmjs.org/sass-embedded-linux-riscv64/-/sass-embedded-linux-riscv64-1.87.0.tgz",
      "integrity": "sha512-Sy3ESZ4FwBiijvmTA9n+0p0w3MNCue1AgINVPzpAY27EFi0h49eqQm9SWfOkFqmkFS2zFRYowdQOr5Bbr2gOXA==",
      "cpu": [
        "riscv64"
      ],
      "dev": true,
      "license": "MIT",
      "optional": true,
      "os": [
        "linux"
      ],
      "engines": {
        "node": ">=14.0.0"
      }
    },
    "node_modules/sass-embedded-linux-x64": {
      "version": "1.87.0",
      "resolved": "https://registry.npmjs.org/sass-embedded-linux-x64/-/sass-embedded-linux-x64-1.87.0.tgz",
      "integrity": "sha512-+UfjakOcHHKTnEqB3EZ+KqzezQOe1emvy4Rs+eQhLyfekpYuNze/qlRvYxfKTmrtvDiUrIto8MXsyZfMLzkuMA==",
      "cpu": [
        "x64"
      ],
      "dev": true,
      "license": "MIT",
      "optional": true,
      "os": [
        "linux"
      ],
      "engines": {
        "node": ">=14.0.0"
      }
    },
    "node_modules/sass-embedded-win32-arm64": {
      "version": "1.87.0",
      "resolved": "https://registry.npmjs.org/sass-embedded-win32-arm64/-/sass-embedded-win32-arm64-1.87.0.tgz",
      "integrity": "sha512-m1DS6FYUE0/fv+vt38uQB/kxR4UjnyD+2zcSc298pFmA0aYh/XZIPWw7RxG1HL3KLE1ZrGyu3254MPoxRhs3ig==",
      "cpu": [
        "arm64"
      ],
      "dev": true,
      "license": "MIT",
      "optional": true,
      "os": [
        "win32"
      ],
      "engines": {
        "node": ">=14.0.0"
      }
    },
    "node_modules/sass-embedded-win32-ia32": {
      "version": "1.87.0",
      "resolved": "https://registry.npmjs.org/sass-embedded-win32-ia32/-/sass-embedded-win32-ia32-1.87.0.tgz",
      "integrity": "sha512-JztXLo59GMe2E6g+kCsyiERYhtZgkcyDYx6CrXoSTE5WaE+RbxRiCCCv8/1+hf406f08pUxJ8G0Ody7M5urtBA==",
      "cpu": [
        "ia32"
      ],
      "dev": true,
      "license": "MIT",
      "optional": true,
      "os": [
        "win32"
      ],
      "engines": {
        "node": ">=14.0.0"
      }
    },
    "node_modules/sass-embedded-win32-x64": {
      "version": "1.87.0",
      "resolved": "https://registry.npmjs.org/sass-embedded-win32-x64/-/sass-embedded-win32-x64-1.87.0.tgz",
      "integrity": "sha512-4nQErpauvhgSo+7ClumGdjdf9sGx+U9yBgvhI0+zUw+D5YvraVgvA0Lk8Wuwntx2PqnvKUk8YDr/vxHJostv4Q==",
      "cpu": [
        "x64"
      ],
      "dev": true,
      "license": "MIT",
      "optional": true,
      "os": [
        "win32"
      ],
      "engines": {
        "node": ">=14.0.0"
      }
    },
    "node_modules/scheduler": {
      "version": "0.26.0",
      "license": "MIT"
    },
    "node_modules/set-cookie-parser": {
      "version": "2.7.1",
      "license": "MIT"
    },
    "node_modules/source-map-js": {
      "version": "1.2.1",
      "dev": true,
      "license": "BSD-3-Clause",
      "engines": {
        "node": ">=0.10.0"
      }
    },
    "node_modules/supports-color": {
      "version": "8.1.1",
      "dev": true,
      "license": "MIT",
      "dependencies": {
        "has-flag": "^4.0.0"
      },
      "engines": {
        "node": ">=10"
      },
      "funding": {
        "url": "https://github.com/chalk/supports-color?sponsor=1"
      }
    },
    "node_modules/sweetalert": {
      "version": "2.1.2",
      "resolved": "https://registry.npmjs.org/sweetalert/-/sweetalert-2.1.2.tgz",
      "integrity": "sha512-iWx7X4anRBNDa/a+AdTmvAzQtkN1+s4j/JJRWlHpYE8Qimkohs8/XnFcWeYHH2lMA8LRCa5tj2d244If3S/hzA==",
      "license": "MIT",
      "dependencies": {
        "es6-object-assign": "^1.1.0",
        "promise-polyfill": "^6.0.2"
      }
    },
    "node_modules/sweetalert2": {
      "version": "11.19.1",
      "resolved": "https://registry.npmjs.org/sweetalert2/-/sweetalert2-11.19.1.tgz",
      "integrity": "sha512-+8yws3Sc1srAZbrgdhmEIZny1I1UOYhJOIOdtOlv4TYaP5kkwQ9Zm8/BT23Qg+KdByCNOazltxEJAHzXVu8mhA==",
      "license": "MIT",
      "funding": {
        "type": "individual",
        "url": "https://github.com/sponsors/limonte"
      }
    },
    "node_modules/sync-child-process": {
      "version": "1.0.2",
      "dev": true,
      "license": "MIT",
      "dependencies": {
        "sync-message-port": "^1.0.0"
      },
      "engines": {
        "node": ">=16.0.0"
      }
    },
    "node_modules/sync-message-port": {
      "version": "1.1.3",
      "dev": true,
      "license": "MIT",
      "engines": {
        "node": ">=16.0.0"
      }
    },
    "node_modules/tiny-invariant": {
      "version": "1.3.3",
      "license": "MIT"
    },
    "node_modules/tiny-warning": {
      "version": "1.0.3",
      "license": "MIT"
    },
    "node_modules/tinyglobby": {
      "version": "0.2.13",
      "dev": true,
      "license": "MIT",
      "dependencies": {
        "fdir": "^6.4.4",
        "picomatch": "^4.0.2"
      },
      "engines": {
        "node": ">=12.0.0"
      },
      "funding": {
        "url": "https://github.com/sponsors/SuperchupuDev"
      }
    },
    "node_modules/tr46": {
      "version": "0.0.3",
      "license": "MIT"
    },
    "node_modules/tslib": {
      "version": "2.8.1",
      "license": "0BSD"
    },
    "node_modules/turbo-stream": {
      "version": "2.4.0",
      "license": "ISC"
    },
    "node_modules/undici-types": {
      "version": "6.21.0",
      "license": "MIT"
    },
    "node_modules/value-equal": {
      "version": "1.0.1",
      "license": "MIT"
    },
    "node_modules/varint": {
      "version": "6.0.0",
      "dev": true,
      "license": "MIT"
    },
    "node_modules/vite": {
      "version": "6.3.2",
      "resolved": "https://registry.npmjs.org/vite/-/vite-6.3.2.tgz",
      "integrity": "sha512-ZSvGOXKGceizRQIZSz7TGJ0pS3QLlVY/9hwxVh17W3re67je1RKYzFHivZ/t0tubU78Vkyb9WnHPENSBCzbckg==",
      "dev": true,
      "license": "MIT",
      "dependencies": {
        "esbuild": "^0.25.0",
        "fdir": "^6.4.3",
        "picomatch": "^4.0.2",
        "postcss": "^8.5.3",
        "rollup": "^4.34.9",
        "tinyglobby": "^0.2.12"
      },
      "bin": {
        "vite": "bin/vite.js"
      },
      "engines": {
        "node": "^18.0.0 || ^20.0.0 || >=22.0.0"
      },
      "funding": {
        "url": "https://github.com/vitejs/vite?sponsor=1"
      },
      "optionalDependencies": {
        "fsevents": "~2.3.3"
      },
      "peerDependencies": {
        "@types/node": "^18.0.0 || ^20.0.0 || >=22.0.0",
        "jiti": ">=1.21.0",
        "less": "*",
        "lightningcss": "^1.21.0",
        "sass": "*",
        "sass-embedded": "*",
        "stylus": "*",
        "sugarss": "*",
        "terser": "^5.16.0",
        "tsx": "^4.8.1",
        "yaml": "^2.4.2"
      },
      "peerDependenciesMeta": {
        "@types/node": {
          "optional": true
        },
        "jiti": {
          "optional": true
        },
        "less": {
          "optional": true
        },
        "lightningcss": {
          "optional": true
        },
        "sass": {
          "optional": true
        },
        "sass-embedded": {
          "optional": true
        },
        "stylus": {
          "optional": true
        },
        "sugarss": {
          "optional": true
        },
        "terser": {
          "optional": true
        },
        "tsx": {
          "optional": true
        },
        "yaml": {
          "optional": true
        }
      }
    },
    "node_modules/warning": {
      "version": "4.0.3",
      "license": "MIT",
      "dependencies": {
        "loose-envify": "^1.0.0"
      }
    },
    "node_modules/webidl-conversions": {
      "version": "3.0.1",
      "license": "BSD-2-Clause"
    },
    "node_modules/whatwg-url": {
      "version": "5.0.0",
      "license": "MIT",
      "dependencies": {
        "tr46": "~0.0.3",
        "webidl-conversions": "^3.0.0"
      }
    },
    "node_modules/ws": {
      "version": "8.18.1",
      "license": "MIT",
      "engines": {
        "node": ">=10.0.0"
      },
      "peerDependencies": {
        "bufferutil": "^4.0.1",
        "utf-8-validate": ">=5.0.2"
      },
      "peerDependenciesMeta": {
        "bufferutil": {
          "optional": true
        },
        "utf-8-validate": {
          "optional": true
        }
      }
    }
  }
}
